
Microsoft Visual Studio Solution File, Format Version 12.00
# Visual Studio Version 16
VisualStudioVersion = 16.0.31729.503
MinimumVisualStudioVersion = 10.0.40219.1
Project("{FAE04EC0-301F-11D3-BF4B-00C04F79EFBC}") = "TcpBridge", "TcpBridge\TcpBridge.csproj", "{832DFCF6-3529-47CE-AB4E-80A4824046FA}"
EndProject
Global
	GlobalSection(SolutionConfigurationPlatforms) = preSolution
		Debug|Any CPU = Debug|Any CPU
		Release|Any CPU = Release|Any CPU
	EndGlobalSection
	GlobalSection(ProjectConfigurationPlatforms) = postSolution
		{832DFCF6-3529-47CE-AB4E-80A4824046FA}.Debug|Any CPU.ActiveCfg = Debug|Any CPU
		{832DFCF6-3529-47CE-AB4E-80A4824046FA}.Debug|Any CPU.Build.0 = Debug|Any CPU
		{832DFCF6-3529-47CE-AB4E-80A4824046FA}.Release|Any CPU.ActiveCfg = Release|Any CPU
		{832DFCF6-3529-47CE-AB4E-80A4824046FA}.Release|Any CPU.Build.0 = Release|Any CPU
	EndGlobalSection
	GlobalSection(SolutionProperties) = preSolution
		HideSolutionNode = FALSE
	EndGlobalSection
	GlobalSection(ExtensibilityGlobals) = postSolution
		SolutionGuid = {2D0EE76D-C8BD-4BDF-A9C5-B7C0F52A0563}
	EndGlobalSection
EndGlobal
